
Microsoft Visual Studio Solution File, Format Version 12.00
# Visual Studio 2012
Project("{FAE04EC0-301F-11D3-BF4B-00C04F79EFBC}") = "Qlick.Client.Portable", "Qlick.Client.Portable.csproj", "{387EB607-84DF-411A-9F23-07D6CF303908}"
EndProject
Global
	GlobalSection(SolutionConfigurationPlatforms) = preSolution
		Debug|Any CPU = Debug|Any CPU
		Release|Any CPU = Release|Any CPU
	EndGlobalSection
	GlobalSection(ProjectConfigurationPlatforms) = postSolution
		{387EB607-84DF-411A-9F23-07D6CF303908}.Debug|Any CPU.ActiveCfg = Debug|Any CPU
		{387EB607-84DF-411A-9F23-07D6CF303908}.Debug|Any CPU.Build.0 = Debug|Any CPU
		{387EB607-84DF-411A-9F23-07D6CF303908}.Release|Any CPU.ActiveCfg = Release|Any CPU
		{387EB607-84DF-411A-9F23-07D6CF303908}.Release|Any CPU.Build.0 = Release|Any CPU
	EndGlobalSection
EndGlobal
