
Microsoft Visual Studio Solution File, Format Version 12.00
# Visual Studio 2012
Project("{2150E333-8FDC-42A3-9474-1A3956D46DE8}") = "Shared", "Shared", "{11618273-9587-4A19-B2FD-92E1637CDBA1}"
EndProject
Project("{2150E333-8FDC-42A3-9474-1A3956D46DE8}") = "Targets", "Targets", "{4228AD10-86F8-4728-AD56-472215A7AA0B}"
EndProject
Project("{FAE04EC0-301F-11D3-BF4B-00C04F79EFBC}") = "Qlick.Client.Portable", "Qlick.Client.Portable\Qlick.Client.Portable.csproj", "{387EB607-84DF-411A-9F23-07D6CF303908}"
EndProject
Project("{FAE04EC0-301F-11D3-BF4B-00C04F79EFBC}") = "Qlick.Client.UI", "Qlick.Client.UI\Qlick.Client.UI.csproj", "{F6163747-4EA9-444B-8725-82065C6E8A76}"
EndProject
Project("{FAE04EC0-301F-11D3-BF4B-00C04F79EFBC}") = "Qlick.iOS", "Qlick.iOS\Qlick.iOS.csproj", "{F08C8A01-FC25-41A1-912E-6A9B6A15BC85}"
EndProject
Global
	GlobalSection(SolutionConfigurationPlatforms) = preSolution
		Debug|iPhoneSimulator = Debug|iPhoneSimulator
		Release|iPhone = Release|iPhone
		Release|iPhoneSimulator = Release|iPhoneSimulator
		Debug|iPhone = Debug|iPhone
	EndGlobalSection
	GlobalSection(ProjectConfigurationPlatforms) = postSolution
		{387EB607-84DF-411A-9F23-07D6CF303908}.Debug|iPhoneSimulator.ActiveCfg = Debug|Any CPU
		{387EB607-84DF-411A-9F23-07D6CF303908}.Debug|iPhoneSimulator.Build.0 = Debug|Any CPU
		{387EB607-84DF-411A-9F23-07D6CF303908}.Release|iPhone.ActiveCfg = Release|Any CPU
		{387EB607-84DF-411A-9F23-07D6CF303908}.Release|iPhone.Build.0 = Release|Any CPU
		{387EB607-84DF-411A-9F23-07D6CF303908}.Release|iPhoneSimulator.ActiveCfg = Release|Any CPU
		{387EB607-84DF-411A-9F23-07D6CF303908}.Release|iPhoneSimulator.Build.0 = Release|Any CPU
		{387EB607-84DF-411A-9F23-07D6CF303908}.Debug|iPhone.ActiveCfg = Debug|Any CPU
		{387EB607-84DF-411A-9F23-07D6CF303908}.Debug|iPhone.Build.0 = Debug|Any CPU
		{F6163747-4EA9-444B-8725-82065C6E8A76}.Debug|iPhoneSimulator.ActiveCfg = Debug|Any CPU
		{F6163747-4EA9-444B-8725-82065C6E8A76}.Debug|iPhoneSimulator.Build.0 = Debug|Any CPU
		{F6163747-4EA9-444B-8725-82065C6E8A76}.Release|iPhone.ActiveCfg = Release|Any CPU
		{F6163747-4EA9-444B-8725-82065C6E8A76}.Release|iPhone.Build.0 = Release|Any CPU
		{F6163747-4EA9-444B-8725-82065C6E8A76}.Release|iPhoneSimulator.ActiveCfg = Release|Any CPU
		{F6163747-4EA9-444B-8725-82065C6E8A76}.Release|iPhoneSimulator.Build.0 = Release|Any CPU
		{F6163747-4EA9-444B-8725-82065C6E8A76}.Debug|iPhone.ActiveCfg = Debug|Any CPU
		{F6163747-4EA9-444B-8725-82065C6E8A76}.Debug|iPhone.Build.0 = Debug|Any CPU
		{F08C8A01-FC25-41A1-912E-6A9B6A15BC85}.Debug|iPhoneSimulator.ActiveCfg = Debug|iPhoneSimulator
		{F08C8A01-FC25-41A1-912E-6A9B6A15BC85}.Debug|iPhoneSimulator.Build.0 = Debug|iPhoneSimulator
		{F08C8A01-FC25-41A1-912E-6A9B6A15BC85}.Release|iPhone.ActiveCfg = Release|iPhone
		{F08C8A01-FC25-41A1-912E-6A9B6A15BC85}.Release|iPhone.Build.0 = Release|iPhone
		{F08C8A01-FC25-41A1-912E-6A9B6A15BC85}.Release|iPhoneSimulator.ActiveCfg = Release|iPhoneSimulator
		{F08C8A01-FC25-41A1-912E-6A9B6A15BC85}.Release|iPhoneSimulator.Build.0 = Release|iPhoneSimulator
		{F08C8A01-FC25-41A1-912E-6A9B6A15BC85}.Debug|iPhone.ActiveCfg = Debug|iPhone
		{F08C8A01-FC25-41A1-912E-6A9B6A15BC85}.Debug|iPhone.Build.0 = Debug|iPhone
	EndGlobalSection
	GlobalSection(NestedProjects) = preSolution
		{387EB607-84DF-411A-9F23-07D6CF303908} = {11618273-9587-4A19-B2FD-92E1637CDBA1}
		{F6163747-4EA9-444B-8725-82065C6E8A76} = {11618273-9587-4A19-B2FD-92E1637CDBA1}
		{F08C8A01-FC25-41A1-912E-6A9B6A15BC85} = {4228AD10-86F8-4728-AD56-472215A7AA0B}
	EndGlobalSection
EndGlobal
